description: 'Criar plugin de bloco.'
help: 'O comando <info>generate:plugin:block</info> ajuda você a criar um novo plugin de bloco.'
welcome: 'Bem-vindo ao Criador de plugin de bloco do Drupal.'
options:
    module: common.options.module
    class: 'Nome da classe do plugin'
    plugin-label: 'Plugin label'
    plugin-id: 'Id do plugin'
    inputs: common.options.inputs
    services: common.options.services
    theme-region: 'Região do tema para renderizar o Bloco'
    twigtemplate: 'Generate theme template'
    label: 'Label do plugin'
questions:
    module: common.questions.module
    class: 'Digite o nome da classe do plugin'
    plugin-label: 'Enter the plugin label'
    plugin-id: 'Digite o id do plugin'
    services: common.questions.services
    theme-region: 'Enter the theme region to render the Plugin Block.'
    type: 'Enter New field type'
    label: 'Digite a label do plugin'
    description: Description
    default-value: 'Default value'
    weight: 'Weight for input item'
    twigtemplate: 'Do you want to generate a themeable template?'
    inputs: common.questions.inputs
messages:
    inputs: "\nVocê pode adicionar alguns campos para criar configurações especiais em cada bloco\nIsso é opcional, pressione <info>enter</info> para <info>continuar</info>"
    invalid-theme-region: 'Região "%s" é inválida'
examples:
    -
        description: 'Generate a plugin block in the header region with an input field specifying the module name, the class, the label, its id, the region and the input'
        execution: "drupal generate:plugin:block  \\\n  --module=\"modulename\"  \\\n  --class=\"DefaultBlock\"  \\\n  --label=\"Default block\"  \\\n  --plugin-id=\"default_block\"  \\\n  --theme-region=\"header\"  \\\n  --inputs='\"name\":\"inputtext\", \"type\":\"text_format\", \"label\":\"InputText\", \"options\":\"\", \"description\":\"Just an input text\", \"maxlength\":\"\", \"size\":\"\", \"default_value\":\"\", \"weight\":\"0\", \"fieldset\":\"\"'"
